
Microsoft Visual Studio Solution File, Format Version 12.00
# Visual Studio Version 17
VisualStudioVersion = 17.9.34607.119
MinimumVisualStudioVersion = 10.0.40219.1
Project("{FAE04EC0-301F-11D3-BF4B-00C04F79EFBC}") = "Assembly-CSharp", "Assembly-CSharp.csproj", "{2C48D85C-1884-D043-7A72-1E817E788BB4}"
EndProject
Project("{FAE04EC0-301F-11D3-BF4B-00C04F79EFBC}") = "Assembly-CSharp-Editor", "Assembly-CSharp-Editor.csproj", "{A126EDBE-DA4D-45F2-DC14-19FFBFACFBB5}"
EndProject
Global
	GlobalSection(SolutionConfigurationPlatforms) = preSolution
		Debug|Any CPU = Debug|Any CPU
		Release|Any CPU = Release|Any CPU
	EndGlobalSection
	GlobalSection(ProjectConfigurationPlatforms) = postSolution
		{2C48D85C-1884-D043-7A72-1E817E788BB4}.Debug|Any CPU.ActiveCfg = Debug|Any CPU
		{2C48D85C-1884-D043-7A72-1E817E788BB4}.Debug|Any CPU.Build.0 = Debug|Any CPU
		{2C48D85C-1884-D043-7A72-1E817E788BB4}.Release|Any CPU.ActiveCfg = Release|Any CPU
		{2C48D85C-1884-D043-7A72-1E817E788BB4}.Release|Any CPU.Build.0 = Release|Any CPU
		{A126EDBE-DA4D-45F2-DC14-19FFBFACFBB5}.Debug|Any CPU.ActiveCfg = Debug|Any CPU
		{A126EDBE-DA4D-45F2-DC14-19FFBFACFBB5}.Debug|Any CPU.Build.0 = Debug|Any CPU
		{A126EDBE-DA4D-45F2-DC14-19FFBFACFBB5}.Release|Any CPU.ActiveCfg = Release|Any CPU
		{A126EDBE-DA4D-45F2-DC14-19FFBFACFBB5}.Release|Any CPU.Build.0 = Release|Any CPU
	EndGlobalSection
	GlobalSection(SolutionProperties) = preSolution
		HideSolutionNode = FALSE
	EndGlobalSection
EndGlobal
